
Microsoft Visual Studio Solution File, Format Version 12.00
# Visual Studio Version 17
VisualStudioVersion = 17.2.32408.312
MinimumVisualStudioVersion = 10.0.40219.1
Project("{8BC9CEB8-8B4A-11D0-8D11-00A0C91BC942}") = "Qianfeng-c2", "Qianfeng-c2\Qianfeng-c2.vcxproj", "{EF78C1AC-EFED-4163-AC91-A3E367A574EF}"
EndProject
Global
	GlobalSection(SolutionConfigurationPlatforms) = preSolution
		Debug|x64 = Debug|x64
		Debug|x86 = Debug|x86
		Release|x64 = Release|x64
		Release|x86 = Release|x86
	EndGlobalSection
	GlobalSection(ProjectConfigurationPlatforms) = postSolution
		{EF78C1AC-EFED-4163-AC91-A3E367A574EF}.Debug|x64.ActiveCfg = Debug|x64
		{EF78C1AC-EFED-4163-AC91-A3E367A574EF}.Debug|x64.Build.0 = Debug|x64
		{EF78C1AC-EFED-4163-AC91-A3E367A574EF}.Debug|x86.ActiveCfg = Debug|Win32
		{EF78C1AC-EFED-4163-AC91-A3E367A574EF}.Debug|x86.Build.0 = Debug|Win32
		{EF78C1AC-EFED-4163-AC91-A3E367A574EF}.Release|x64.ActiveCfg = Release|x64
		{EF78C1AC-EFED-4163-AC91-A3E367A574EF}.Release|x64.Build.0 = Release|x64
		{EF78C1AC-EFED-4163-AC91-A3E367A574EF}.Release|x86.ActiveCfg = Release|Win32
		{EF78C1AC-EFED-4163-AC91-A3E367A574EF}.Release|x86.Build.0 = Release|Win32
	EndGlobalSection
	GlobalSection(SolutionProperties) = preSolution
		HideSolutionNode = FALSE
	EndGlobalSection
	GlobalSection(ExtensibilityGlobals) = postSolution
		SolutionGuid = {F664172F-912C-455C-9FBE-C18C9693D3C6}
	EndGlobalSection
EndGlobal
