
Microsoft Visual Studio Solution File, Format Version 12.00
# Visual Studio Version 17
VisualStudioVersion = 17.2.32408.312
MinimumVisualStudioVersion = 10.0.40219.1
Project("{8BC9CEB8-8B4A-11D0-8D11-00A0C91BC942}") = "Qianfeng-c13", "Qianfeng-c13\Qianfeng-c13.vcxproj", "{E13D6703-8701-4EB6-B5DC-C66966944F5C}"
EndProject
Global
	GlobalSection(SolutionConfigurationPlatforms) = preSolution
		Debug|x64 = Debug|x64
		Debug|x86 = Debug|x86
		Release|x64 = Release|x64
		Release|x86 = Release|x86
	EndGlobalSection
	GlobalSection(ProjectConfigurationPlatforms) = postSolution
		{E13D6703-8701-4EB6-B5DC-C66966944F5C}.Debug|x64.ActiveCfg = Debug|x64
		{E13D6703-8701-4EB6-B5DC-C66966944F5C}.Debug|x64.Build.0 = Debug|x64
		{E13D6703-8701-4EB6-B5DC-C66966944F5C}.Debug|x86.ActiveCfg = Debug|Win32
		{E13D6703-8701-4EB6-B5DC-C66966944F5C}.Debug|x86.Build.0 = Debug|Win32
		{E13D6703-8701-4EB6-B5DC-C66966944F5C}.Release|x64.ActiveCfg = Release|x64
		{E13D6703-8701-4EB6-B5DC-C66966944F5C}.Release|x64.Build.0 = Release|x64
		{E13D6703-8701-4EB6-B5DC-C66966944F5C}.Release|x86.ActiveCfg = Release|Win32
		{E13D6703-8701-4EB6-B5DC-C66966944F5C}.Release|x86.Build.0 = Release|Win32
	EndGlobalSection
	GlobalSection(SolutionProperties) = preSolution
		HideSolutionNode = FALSE
	EndGlobalSection
	GlobalSection(ExtensibilityGlobals) = postSolution
		SolutionGuid = {EDF993EE-5652-4CFE-99BD-3DBEAA3363EE}
	EndGlobalSection
EndGlobal
